
Microsoft Visual Studio Solution File, Format Version 12.00
# Visual Studio Version 17
VisualStudioVersion = 17.12.35527.113
MinimumVisualStudioVersion = 10.0.40219.1
Project("{FAE04EC0-301F-11D3-BF4B-00C04F79EFBC}") = "SFA.DAS.ConfigurationBuilder", "SFA.DAS.ConfigurationBuilder\SFA.DAS.ConfigurationBuilder.csproj", "{9CED14CA-16D2-4EF8-A29E-B6B01DD33E4E}"
EndProject
Project("{FAE04EC0-301F-11D3-BF4B-00C04F79EFBC}") = "SFA.DAS.FrameworkHelpers", "SFA.DAS.FrameworkHelpers\SFA.DAS.FrameworkHelpers.csproj", "{075D838A-6E62-42A7-97CC-651142C6546B}"
EndProject
Project("{FAE04EC0-301F-11D3-BF4B-00C04F79EFBC}") = "SFA.DAS.Campaigns.UITests", "SFA.DAS.Campaigns.UITests\SFA.DAS.Campaigns.UITests.csproj", "{25CC3BED-7268-414C-9BEA-DF01DDE101F5}"
EndProject
Project("{2150E333-8FDC-42A3-9474-1A3956D46DE8}") = "Framework", "Framework", "{1353178C-FF40-4961-A88F-D4CA856F7B30}"
EndProject
Project("{FAE04EC0-301F-11D3-BF4B-00C04F79EFBC}") = "SFA.DAS.Framework", "SFA.DAS.Framework\SFA.DAS.Framework.csproj", "{0F2B7F19-3C8F-4E71-99EA-F8485D42D2BE}"
EndProject
Project("{FAE04EC0-301F-11D3-BF4B-00C04F79EFBC}") = "SFA.DAS.FATe.UITests", "SFA.DAS.FATe.UITests\SFA.DAS.FATe.UITests.csproj", "{EA23768C-C2EF-44AB-AC8C-4FAB9E6ACCC7}"
EndProject
Project("{2150E333-8FDC-42A3-9474-1A3956D46DE8}") = "Services", "Services", "{E2D289C8-7567-4CDF-B201-65E8F2E2AD43}"
EndProject
Project("{FAE04EC0-301F-11D3-BF4B-00C04F79EFBC}") = "SFA.DAS.DfeAdmin.Service", "SFA.DAS.DfeAdmin.Service\SFA.DAS.DfeAdmin.Service.csproj", "{4B359563-BF6C-4057-90B6-88E0A1C9E31B}"
EndProject
Project("{FAE04EC0-301F-11D3-BF4B-00C04F79EFBC}") = "SFA.DAS.Login.Service", "SFA.DAS.Login.Service\SFA.DAS.Login.Service.csproj", "{CB45F82F-8D17-444F-BB96-AF4114C07113}"
EndProject
Project("{FAE04EC0-301F-11D3-BF4B-00C04F79EFBC}") = "SFA.DAS.SupportTools.UITests", "SFA.DAS.SupportTools.UITests\SFA.DAS.SupportTools.UITests.csproj", "{BF3B3022-7E8D-45CD-AA45-ABA20FFA846D}"
EndProject
Project("{FAE04EC0-301F-11D3-BF4B-00C04F79EFBC}") = "SFA.DAS.EmployerPortal.UITests", "SFA.DAS.EmployerPortal.UITests\SFA.DAS.EmployerPortal.UITests.csproj", "{B740E44E-D579-40CB-B67D-E2858E92854F}"
EndProject
Project("{2150E333-8FDC-42A3-9474-1A3956D46DE8}") = "DataGenerator", "DataGenerator", "{16EAD795-CF80-4B73-BC87-06411669C43D}"
EndProject
Project("{FAE04EC0-301F-11D3-BF4B-00C04F79EFBC}") = "SFA.DAS.MongoDb.DataGenerator", "SFA.DAS.MongoDb.DataGenerator\SFA.DAS.MongoDb.DataGenerator.csproj", "{03873CF7-7212-4A3A-B233-6A750BFC36EB}"
EndProject
Project("{FAE04EC0-301F-11D3-BF4B-00C04F79EFBC}") = "SFA.DAS.ProviderLogin.Service", "SFA.DAS.ProviderLogin.Service\SFA.DAS.ProviderLogin.Service.csproj", "{2F97FA11-21AB-4687-9B53-E48D40AEBC44}"
EndProject
Project("{FAE04EC0-301F-11D3-BF4B-00C04F79EFBC}") = "SFA.DAS.EmployerFinance.UITests", "SFA.DAS.EmployerFinance.UITests\SFA.DAS.EmployerFinance.UITests.csproj", "{66BAC8F4-B93B-4FB3-B749-0AF73C6FC317}"
EndProject
Project("{FAE04EC0-301F-11D3-BF4B-00C04F79EFBC}") = "SFA.DAS.ProviderPortal.UITests", "SFA.DAS.ProviderPortal.UITests\SFA.DAS.ProviderPortal.UITests.csproj", "{0B8C4747-A01A-4098-81A2-F9F472D5CA81}"
EndProject
Project("{FAE04EC0-301F-11D3-BF4B-00C04F79EFBC}") = "SFA.DAS.TestDataCleanup", "SFA.DAS.TestDataCleanup\SFA.DAS.TestDataCleanup.csproj", "{65FD48DA-BE01-4E42-968E-16E70FE839FD}"
EndProject
Project("{FAE04EC0-301F-11D3-BF4B-00C04F79EFBC}") = "SFA.DAS.ManagingStandards.UITests", "SFA.DAS.ManagingStandards.UITests\SFA.DAS.ManagingStandards.UITests.csproj", "{DEB69DAF-A73C-453D-89D2-2D13BCEDAA2B}"
EndProject
Project("{FAE04EC0-301F-11D3-BF4B-00C04F79EFBC}") = "SFA.DAS.Approvals.UITests", "SFA.DAS.Approvals.UITests\SFA.DAS.Approvals.UITests.csproj", "{6AB3F454-CACD-480E-A15D-B18CA9D7A817}"
EndProject
Project("{2150E333-8FDC-42A3-9474-1A3956D46DE8}") = "API", "API", "{02EA681E-C7D8-13C7-8484-4AC65E1B71E8}"
EndProject
Project("{FAE04EC0-301F-11D3-BF4B-00C04F79EFBC}") = "SFA.DAS.API.Framework", "SFA.DAS.API.Framework\SFA.DAS.API.Framework.csproj", "{ABDF9453-693C-4C32-A714-A99846D1E461}"
EndProject
Project("{FAE04EC0-301F-11D3-BF4B-00C04F79EFBC}") = "SFA.DAS.Approvals.APITests", "SFA.DAS.Approvals.APITests\SFA.DAS.Approvals.APITests.csproj", "{F7465959-D54F-4E7F-AD92-0A3BBFB17EE0}"
EndProject
Project("{FAE04EC0-301F-11D3-BF4B-00C04F79EFBC}") = "SFA.DAS.RequestApprenticeshipTraining.UITests", "SFA.DAS.RequestApprenticeshipTraining.UITests\SFA.DAS.RequestApprenticeshipTraining.UITests.csproj", "{668B5F16-A992-4EAB-9CE7-398D99291C08}"
EndProject
Project("{FAE04EC0-301F-11D3-BF4B-00C04F79EFBC}") = "SFA.DAS.EarlyConnectForms.UITests", "SFA.DAS.EarlyConnectForms.UITests\SFA.DAS.EarlyConnectForms.UITests.csproj", "{D1E9ABA8-F5C3-4D3B-95AA-488CFBBE77EA}"
EndProject
Project("{FAE04EC0-301F-11D3-BF4B-00C04F79EFBC}") = "SFA.DAS.EPAO.UITests", "SFA.DAS.EPAO.UITests\SFA.DAS.EPAO.UITests.csproj", "{FC59491E-36BB-4BA7-A331-F2EC101866D3}"
EndProject
Project("{FAE04EC0-301F-11D3-BF4B-00C04F79EFBC}") = "SFA.DAS.FindEPAO.UITests", "SFA.DAS.FindEPAO.UITests\SFA.DAS.FindEPAO.UITests.csproj", "{6865FD18-99F2-4CB1-A383-93E3338ACDA4}"
EndProject
Project("{FAE04EC0-301F-11D3-BF4B-00C04F79EFBC}") = "SFA.DAS.ApprenticeAmbassadorNetwork.UITests", "SFA.DAS.ApprenticeAmbassadorNetwork.UITests\SFA.DAS.ApprenticeAmbassadorNetwork.UITests.csproj", "{B644443A-2E00-457E-A9AD-8F3B11C699D5}"
EndProject
Project("{FAE04EC0-301F-11D3-BF4B-00C04F79EFBC}") = "SFA.DAS.Transfers.UITests", "SFA.DAS.Transfers.UITests\SFA.DAS.Transfers.UITests.csproj", "{8CF51224-7DA8-4CF7-98A5-8F19CF6279AC}"
EndProject
Project("{FAE04EC0-301F-11D3-BF4B-00C04F79EFBC}") = "SFA.DAS.Apar.UITests", "SFA.DAS.Apar.UITests\SFA.DAS.Apar.UITests.csproj", "{2B0AD2C0-8B3B-4AFA-BD4F-A7C7B21B733F}"
EndProject
Project("{FAE04EC0-301F-11D3-BF4B-00C04F79EFBC}") = "SFA.DAS.AparAdmin.Service", "SFA.DAS.AparAdmin.Service\SFA.DAS.AparAdmin.Service.csproj", "{464F0557-C303-4DD0-96AE-03CA7632EE93}"
EndProject
Project("{FAE04EC0-301F-11D3-BF4B-00C04F79EFBC}") = "SFA.DAS.AparAdmin.UITests", "SFA.DAS.AparAdmin.UITests\SFA.DAS.AparAdmin.UITests.csproj", "{0376945F-ED6D-42BE-BDE2-611DF83F813E}"
EndProject
Project("{FAE04EC0-301F-11D3-BF4B-00C04F79EFBC}") = "SFA.DAS.ProvideFeedback.UITests", "SFA.DAS.ProvideFeedback.UITests\SFA.DAS.ProvideFeedback.UITests.csproj", "{B9937433-99C3-4549-8394-65AAF4FE3FA6}"
EndProject
Project("{FAE04EC0-301F-11D3-BF4B-00C04F79EFBC}") = "SFA.DAS.ApprenticeLogin.Service", "SFA.DAS.ApprenticeLogin.Service\SFA.DAS.ApprenticeLogin.Service.csproj", "{6BF71575-34E8-49B4-9E4D-6A8BF57E9722}"
EndProject
Project("{FAE04EC0-301F-11D3-BF4B-00C04F79EFBC}") = "SFA.DAS.FAA.UITests", "SFA.DAS.FAA.UITests\SFA.DAS.FAA.UITests.csproj", "{5C2E8EBE-3632-4CEF-8257-EF27CD00C805}"
EndProject
Project("{FAE04EC0-301F-11D3-BF4B-00C04F79EFBC}") = "SFA.DAS.RAA.DataGenerator", "SFA.DAS.RAA.DataGenerator\SFA.DAS.RAA.DataGenerator.csproj", "{1217BC4D-5002-4976-A8B8-02332C8D62EE}"
EndProject
Project("{FAE04EC0-301F-11D3-BF4B-00C04F79EFBC}") = "SFA.DAS.QFAST.UITests", "SFA.DAS.QFAST.UITests\SFA.DAS.QFAST.UITests.csproj", "{001FE9AB-4BBC-9A55-0583-E6D4D8F81E9E}"
EndProject
Project("{FAE04EC0-301F-11D3-BF4B-00C04F79EFBC}") = "SFA.DAS.RAAEmployer.UITests", "SFA.DAS.RAAEmployer.UITests\SFA.DAS.RAAEmployer.UITests.csproj", "{855AD9D5-0911-48DE-BDEC-C8435BA4E0DB}"
EndProject
Global
	GlobalSection(SolutionConfigurationPlatforms) = preSolution
		Debug|Any CPU = Debug|Any CPU
		Release|Any CPU = Release|Any CPU
	EndGlobalSection
	GlobalSection(ProjectConfigurationPlatforms) = postSolution
		{9CED14CA-16D2-4EF8-A29E-B6B01DD33E4E}.Debug|Any CPU.ActiveCfg = Debug|Any CPU
		{9CED14CA-16D2-4EF8-A29E-B6B01DD33E4E}.Debug|Any CPU.Build.0 = Debug|Any CPU
		{9CED14CA-16D2-4EF8-A29E-B6B01DD33E4E}.Release|Any CPU.ActiveCfg = Release|Any CPU
		{9CED14CA-16D2-4EF8-A29E-B6B01DD33E4E}.Release|Any CPU.Build.0 = Release|Any CPU
		{075D838A-6E62-42A7-97CC-651142C6546B}.Debug|Any CPU.ActiveCfg = Debug|Any CPU
		{075D838A-6E62-42A7-97CC-651142C6546B}.Debug|Any CPU.Build.0 = Debug|Any CPU
		{075D838A-6E62-42A7-97CC-651142C6546B}.Release|Any CPU.ActiveCfg = Release|Any CPU
		{075D838A-6E62-42A7-97CC-651142C6546B}.Release|Any CPU.Build.0 = Release|Any CPU
		{25CC3BED-7268-414C-9BEA-DF01DDE101F5}.Debug|Any CPU.ActiveCfg = Debug|Any CPU
		{25CC3BED-7268-414C-9BEA-DF01DDE101F5}.Debug|Any CPU.Build.0 = Debug|Any CPU
		{25CC3BED-7268-414C-9BEA-DF01DDE101F5}.Release|Any CPU.ActiveCfg = Release|Any CPU
		{25CC3BED-7268-414C-9BEA-DF01DDE101F5}.Release|Any CPU.Build.0 = Release|Any CPU
		{0F2B7F19-3C8F-4E71-99EA-F8485D42D2BE}.Debug|Any CPU.ActiveCfg = Debug|Any CPU
		{0F2B7F19-3C8F-4E71-99EA-F8485D42D2BE}.Debug|Any CPU.Build.0 = Debug|Any CPU
		{0F2B7F19-3C8F-4E71-99EA-F8485D42D2BE}.Release|Any CPU.ActiveCfg = Release|Any CPU
		{0F2B7F19-3C8F-4E71-99EA-F8485D42D2BE}.Release|Any CPU.Build.0 = Release|Any CPU
		{EA23768C-C2EF-44AB-AC8C-4FAB9E6ACCC7}.Debug|Any CPU.ActiveCfg = Debug|Any CPU
		{EA23768C-C2EF-44AB-AC8C-4FAB9E6ACCC7}.Debug|Any CPU.Build.0 = Debug|Any CPU
		{EA23768C-C2EF-44AB-AC8C-4FAB9E6ACCC7}.Release|Any CPU.ActiveCfg = Release|Any CPU
		{EA23768C-C2EF-44AB-AC8C-4FAB9E6ACCC7}.Release|Any CPU.Build.0 = Release|Any CPU
		{4B359563-BF6C-4057-90B6-88E0A1C9E31B}.Debug|Any CPU.ActiveCfg = Debug|Any CPU
		{4B359563-BF6C-4057-90B6-88E0A1C9E31B}.Debug|Any CPU.Build.0 = Debug|Any CPU
		{4B359563-BF6C-4057-90B6-88E0A1C9E31B}.Release|Any CPU.ActiveCfg = Release|Any CPU
		{4B359563-BF6C-4057-90B6-88E0A1C9E31B}.Release|Any CPU.Build.0 = Release|Any CPU
		{CB45F82F-8D17-444F-BB96-AF4114C07113}.Debug|Any CPU.ActiveCfg = Debug|Any CPU
		{CB45F82F-8D17-444F-BB96-AF4114C07113}.Debug|Any CPU.Build.0 = Debug|Any CPU
		{CB45F82F-8D17-444F-BB96-AF4114C07113}.Release|Any CPU.ActiveCfg = Release|Any CPU
		{CB45F82F-8D17-444F-BB96-AF4114C07113}.Release|Any CPU.Build.0 = Release|Any CPU
		{BF3B3022-7E8D-45CD-AA45-ABA20FFA846D}.Debug|Any CPU.ActiveCfg = Debug|Any CPU
		{BF3B3022-7E8D-45CD-AA45-ABA20FFA846D}.Debug|Any CPU.Build.0 = Debug|Any CPU
		{BF3B3022-7E8D-45CD-AA45-ABA20FFA846D}.Release|Any CPU.ActiveCfg = Release|Any CPU
		{BF3B3022-7E8D-45CD-AA45-ABA20FFA846D}.Release|Any CPU.Build.0 = Release|Any CPU
		{B740E44E-D579-40CB-B67D-E2858E92854F}.Debug|Any CPU.ActiveCfg = Debug|Any CPU
		{B740E44E-D579-40CB-B67D-E2858E92854F}.Debug|Any CPU.Build.0 = Debug|Any CPU
		{B740E44E-D579-40CB-B67D-E2858E92854F}.Release|Any CPU.ActiveCfg = Release|Any CPU
		{B740E44E-D579-40CB-B67D-E2858E92854F}.Release|Any CPU.Build.0 = Release|Any CPU
		{03873CF7-7212-4A3A-B233-6A750BFC36EB}.Debug|Any CPU.ActiveCfg = Debug|Any CPU
		{03873CF7-7212-4A3A-B233-6A750BFC36EB}.Debug|Any CPU.Build.0 = Debug|Any CPU
		{03873CF7-7212-4A3A-B233-6A750BFC36EB}.Release|Any CPU.ActiveCfg = Release|Any CPU
		{03873CF7-7212-4A3A-B233-6A750BFC36EB}.Release|Any CPU.Build.0 = Release|Any CPU
		{2F97FA11-21AB-4687-9B53-E48D40AEBC44}.Debug|Any CPU.ActiveCfg = Debug|Any CPU
		{2F97FA11-21AB-4687-9B53-E48D40AEBC44}.Debug|Any CPU.Build.0 = Debug|Any CPU
		{2F97FA11-21AB-4687-9B53-E48D40AEBC44}.Release|Any CPU.ActiveCfg = Release|Any CPU
		{2F97FA11-21AB-4687-9B53-E48D40AEBC44}.Release|Any CPU.Build.0 = Release|Any CPU
		{66BAC8F4-B93B-4FB3-B749-0AF73C6FC317}.Debug|Any CPU.ActiveCfg = Debug|Any CPU
		{66BAC8F4-B93B-4FB3-B749-0AF73C6FC317}.Debug|Any CPU.Build.0 = Debug|Any CPU
		{66BAC8F4-B93B-4FB3-B749-0AF73C6FC317}.Release|Any CPU.ActiveCfg = Release|Any CPU
		{66BAC8F4-B93B-4FB3-B749-0AF73C6FC317}.Release|Any CPU.Build.0 = Release|Any CPU
		{0B8C4747-A01A-4098-81A2-F9F472D5CA81}.Debug|Any CPU.ActiveCfg = Debug|Any CPU
		{0B8C4747-A01A-4098-81A2-F9F472D5CA81}.Debug|Any CPU.Build.0 = Debug|Any CPU
		{0B8C4747-A01A-4098-81A2-F9F472D5CA81}.Release|Any CPU.ActiveCfg = Release|Any CPU
		{0B8C4747-A01A-4098-81A2-F9F472D5CA81}.Release|Any CPU.Build.0 = Release|Any CPU
		{65FD48DA-BE01-4E42-968E-16E70FE839FD}.Debug|Any CPU.ActiveCfg = Debug|Any CPU
		{65FD48DA-BE01-4E42-968E-16E70FE839FD}.Debug|Any CPU.Build.0 = Debug|Any CPU
		{65FD48DA-BE01-4E42-968E-16E70FE839FD}.Release|Any CPU.ActiveCfg = Release|Any CPU
		{65FD48DA-BE01-4E42-968E-16E70FE839FD}.Release|Any CPU.Build.0 = Release|Any CPU
		{DEB69DAF-A73C-453D-89D2-2D13BCEDAA2B}.Debug|Any CPU.ActiveCfg = Debug|Any CPU
		{DEB69DAF-A73C-453D-89D2-2D13BCEDAA2B}.Debug|Any CPU.Build.0 = Debug|Any CPU
		{DEB69DAF-A73C-453D-89D2-2D13BCEDAA2B}.Release|Any CPU.ActiveCfg = Release|Any CPU
		{DEB69DAF-A73C-453D-89D2-2D13BCEDAA2B}.Release|Any CPU.Build.0 = Release|Any CPU
		{6AB3F454-CACD-480E-A15D-B18CA9D7A817}.Debug|Any CPU.ActiveCfg = Debug|Any CPU
		{6AB3F454-CACD-480E-A15D-B18CA9D7A817}.Debug|Any CPU.Build.0 = Debug|Any CPU
		{6AB3F454-CACD-480E-A15D-B18CA9D7A817}.Release|Any CPU.ActiveCfg = Release|Any CPU
		{6AB3F454-CACD-480E-A15D-B18CA9D7A817}.Release|Any CPU.Build.0 = Release|Any CPU
		{ABDF9453-693C-4C32-A714-A99846D1E461}.Debug|Any CPU.ActiveCfg = Debug|Any CPU
		{ABDF9453-693C-4C32-A714-A99846D1E461}.Debug|Any CPU.Build.0 = Debug|Any CPU
		{ABDF9453-693C-4C32-A714-A99846D1E461}.Release|Any CPU.ActiveCfg = Release|Any CPU
		{ABDF9453-693C-4C32-A714-A99846D1E461}.Release|Any CPU.Build.0 = Release|Any CPU
		{F7465959-D54F-4E7F-AD92-0A3BBFB17EE0}.Debug|Any CPU.ActiveCfg = Debug|Any CPU
		{F7465959-D54F-4E7F-AD92-0A3BBFB17EE0}.Debug|Any CPU.Build.0 = Debug|Any CPU
		{F7465959-D54F-4E7F-AD92-0A3BBFB17EE0}.Release|Any CPU.ActiveCfg = Release|Any CPU
		{F7465959-D54F-4E7F-AD92-0A3BBFB17EE0}.Release|Any CPU.Build.0 = Release|Any CPU
		{668B5F16-A992-4EAB-9CE7-398D99291C08}.Debug|Any CPU.ActiveCfg = Debug|Any CPU
		{668B5F16-A992-4EAB-9CE7-398D99291C08}.Debug|Any CPU.Build.0 = Debug|Any CPU
		{668B5F16-A992-4EAB-9CE7-398D99291C08}.Release|Any CPU.ActiveCfg = Release|Any CPU
		{668B5F16-A992-4EAB-9CE7-398D99291C08}.Release|Any CPU.Build.0 = Release|Any CPU
		{D1E9ABA8-F5C3-4D3B-95AA-488CFBBE77EA}.Debug|Any CPU.ActiveCfg = Debug|Any CPU
		{D1E9ABA8-F5C3-4D3B-95AA-488CFBBE77EA}.Debug|Any CPU.Build.0 = Debug|Any CPU
		{D1E9ABA8-F5C3-4D3B-95AA-488CFBBE77EA}.Release|Any CPU.ActiveCfg = Release|Any CPU
		{D1E9ABA8-F5C3-4D3B-95AA-488CFBBE77EA}.Release|Any CPU.Build.0 = Release|Any CPU
		{FC59491E-36BB-4BA7-A331-F2EC101866D3}.Debug|Any CPU.ActiveCfg = Debug|Any CPU
		{FC59491E-36BB-4BA7-A331-F2EC101866D3}.Debug|Any CPU.Build.0 = Debug|Any CPU
		{FC59491E-36BB-4BA7-A331-F2EC101866D3}.Release|Any CPU.ActiveCfg = Release|Any CPU
		{FC59491E-36BB-4BA7-A331-F2EC101866D3}.Release|Any CPU.Build.0 = Release|Any CPU
		{6865FD18-99F2-4CB1-A383-93E3338ACDA4}.Debug|Any CPU.ActiveCfg = Debug|Any CPU
		{6865FD18-99F2-4CB1-A383-93E3338ACDA4}.Debug|Any CPU.Build.0 = Debug|Any CPU
		{6865FD18-99F2-4CB1-A383-93E3338ACDA4}.Release|Any CPU.ActiveCfg = Release|Any CPU
		{6865FD18-99F2-4CB1-A383-93E3338ACDA4}.Release|Any CPU.Build.0 = Release|Any CPU
		{B644443A-2E00-457E-A9AD-8F3B11C699D5}.Debug|Any CPU.ActiveCfg = Debug|Any CPU
		{B644443A-2E00-457E-A9AD-8F3B11C699D5}.Debug|Any CPU.Build.0 = Debug|Any CPU
		{B644443A-2E00-457E-A9AD-8F3B11C699D5}.Release|Any CPU.ActiveCfg = Release|Any CPU
		{B644443A-2E00-457E-A9AD-8F3B11C699D5}.Release|Any CPU.Build.0 = Release|Any CPU
		{8CF51224-7DA8-4CF7-98A5-8F19CF6279AC}.Debug|Any CPU.ActiveCfg = Debug|Any CPU
		{8CF51224-7DA8-4CF7-98A5-8F19CF6279AC}.Debug|Any CPU.Build.0 = Debug|Any CPU
		{8CF51224-7DA8-4CF7-98A5-8F19CF6279AC}.Release|Any CPU.ActiveCfg = Release|Any CPU
		{8CF51224-7DA8-4CF7-98A5-8F19CF6279AC}.Release|Any CPU.Build.0 = Release|Any CPU
		{2B0AD2C0-8B3B-4AFA-BD4F-A7C7B21B733F}.Debug|Any CPU.ActiveCfg = Debug|Any CPU
		{2B0AD2C0-8B3B-4AFA-BD4F-A7C7B21B733F}.Debug|Any CPU.Build.0 = Debug|Any CPU
		{2B0AD2C0-8B3B-4AFA-BD4F-A7C7B21B733F}.Release|Any CPU.ActiveCfg = Release|Any CPU
		{2B0AD2C0-8B3B-4AFA-BD4F-A7C7B21B733F}.Release|Any CPU.Build.0 = Release|Any CPU
		{464F0557-C303-4DD0-96AE-03CA7632EE93}.Debug|Any CPU.ActiveCfg = Debug|Any CPU
		{464F0557-C303-4DD0-96AE-03CA7632EE93}.Debug|Any CPU.Build.0 = Debug|Any CPU
		{464F0557-C303-4DD0-96AE-03CA7632EE93}.Release|Any CPU.ActiveCfg = Release|Any CPU
		{464F0557-C303-4DD0-96AE-03CA7632EE93}.Release|Any CPU.Build.0 = Release|Any CPU
		{0376945F-ED6D-42BE-BDE2-611DF83F813E}.Debug|Any CPU.ActiveCfg = Debug|Any CPU
		{0376945F-ED6D-42BE-BDE2-611DF83F813E}.Debug|Any CPU.Build.0 = Debug|Any CPU
		{0376945F-ED6D-42BE-BDE2-611DF83F813E}.Release|Any CPU.ActiveCfg = Release|Any CPU
		{0376945F-ED6D-42BE-BDE2-611DF83F813E}.Release|Any CPU.Build.0 = Release|Any CPU
		{B9937433-99C3-4549-8394-65AAF4FE3FA6}.Debug|Any CPU.ActiveCfg = Debug|Any CPU
		{B9937433-99C3-4549-8394-65AAF4FE3FA6}.Debug|Any CPU.Build.0 = Debug|Any CPU
		{B9937433-99C3-4549-8394-65AAF4FE3FA6}.Release|Any CPU.ActiveCfg = Release|Any CPU
		{B9937433-99C3-4549-8394-65AAF4FE3FA6}.Release|Any CPU.Build.0 = Release|Any CPU
		{6BF71575-34E8-49B4-9E4D-6A8BF57E9722}.Debug|Any CPU.ActiveCfg = Debug|Any CPU
		{6BF71575-34E8-49B4-9E4D-6A8BF57E9722}.Debug|Any CPU.Build.0 = Debug|Any CPU
		{6BF71575-34E8-49B4-9E4D-6A8BF57E9722}.Release|Any CPU.ActiveCfg = Release|Any CPU
		{6BF71575-34E8-49B4-9E4D-6A8BF57E9722}.Release|Any CPU.Build.0 = Release|Any CPU
		{5C2E8EBE-3632-4CEF-8257-EF27CD00C805}.Debug|Any CPU.ActiveCfg = Debug|Any CPU
		{5C2E8EBE-3632-4CEF-8257-EF27CD00C805}.Debug|Any CPU.Build.0 = Debug|Any CPU
		{5C2E8EBE-3632-4CEF-8257-EF27CD00C805}.Release|Any CPU.ActiveCfg = Release|Any CPU
		{5C2E8EBE-3632-4CEF-8257-EF27CD00C805}.Release|Any CPU.Build.0 = Release|Any CPU
		{1217BC4D-5002-4976-A8B8-02332C8D62EE}.Debug|Any CPU.ActiveCfg = Debug|Any CPU
		{1217BC4D-5002-4976-A8B8-02332C8D62EE}.Debug|Any CPU.Build.0 = Debug|Any CPU
		{1217BC4D-5002-4976-A8B8-02332C8D62EE}.Release|Any CPU.ActiveCfg = Release|Any CPU
		{1217BC4D-5002-4976-A8B8-02332C8D62EE}.Release|Any CPU.Build.0 = Release|Any CPU
		{001FE9AB-4BBC-9A55-0583-E6D4D8F81E9E}.Debug|Any CPU.ActiveCfg = Debug|Any CPU
		{001FE9AB-4BBC-9A55-0583-E6D4D8F81E9E}.Debug|Any CPU.Build.0 = Debug|Any CPU
		{001FE9AB-4BBC-9A55-0583-E6D4D8F81E9E}.Release|Any CPU.ActiveCfg = Release|Any CPU
		{001FE9AB-4BBC-9A55-0583-E6D4D8F81E9E}.Release|Any CPU.Build.0 = Release|Any CPU
		{855AD9D5-0911-48DE-BDEC-C8435BA4E0DB}.Debug|Any CPU.ActiveCfg = Debug|Any CPU
		{855AD9D5-0911-48DE-BDEC-C8435BA4E0DB}.Debug|Any CPU.Build.0 = Debug|Any CPU
		{855AD9D5-0911-48DE-BDEC-C8435BA4E0DB}.Release|Any CPU.ActiveCfg = Release|Any CPU
		{855AD9D5-0911-48DE-BDEC-C8435BA4E0DB}.Release|Any CPU.Build.0 = Release|Any CPU
	EndGlobalSection
	GlobalSection(SolutionProperties) = preSolution
		HideSolutionNode = FALSE
	EndGlobalSection
	GlobalSection(NestedProjects) = preSolution
		{9CED14CA-16D2-4EF8-A29E-B6B01DD33E4E} = {1353178C-FF40-4961-A88F-D4CA856F7B30}
		{075D838A-6E62-42A7-97CC-651142C6546B} = {1353178C-FF40-4961-A88F-D4CA856F7B30}
		{0F2B7F19-3C8F-4E71-99EA-F8485D42D2BE} = {1353178C-FF40-4961-A88F-D4CA856F7B30}
		{4B359563-BF6C-4057-90B6-88E0A1C9E31B} = {E2D289C8-7567-4CDF-B201-65E8F2E2AD43}
		{CB45F82F-8D17-444F-BB96-AF4114C07113} = {E2D289C8-7567-4CDF-B201-65E8F2E2AD43}
		{03873CF7-7212-4A3A-B233-6A750BFC36EB} = {16EAD795-CF80-4B73-BC87-06411669C43D}
		{2F97FA11-21AB-4687-9B53-E48D40AEBC44} = {E2D289C8-7567-4CDF-B201-65E8F2E2AD43}
		{65FD48DA-BE01-4E42-968E-16E70FE839FD} = {1353178C-FF40-4961-A88F-D4CA856F7B30}
		{ABDF9453-693C-4C32-A714-A99846D1E461} = {02EA681E-C7D8-13C7-8484-4AC65E1B71E8}
		{F7465959-D54F-4E7F-AD92-0A3BBFB17EE0} = {02EA681E-C7D8-13C7-8484-4AC65E1B71E8}
		{464F0557-C303-4DD0-96AE-03CA7632EE93} = {E2D289C8-7567-4CDF-B201-65E8F2E2AD43}
		{6BF71575-34E8-49B4-9E4D-6A8BF57E9722} = {E2D289C8-7567-4CDF-B201-65E8F2E2AD43}
		{1217BC4D-5002-4976-A8B8-02332C8D62EE} = {16EAD795-CF80-4B73-BC87-06411669C43D}
	EndGlobalSection
	GlobalSection(ExtensibilityGlobals) = postSolution
		SolutionGuid = {C1C79908-195F-44B3-9BE6-222A43F26A01}
	EndGlobalSection
EndGlobal
